{
  "name": "openpayg-token-node",
  "lockfileVersion": 2,
  "requires": true,
  "packages": {
    "": {
      "name": "openpayg-token-node",
      "dependencies": {
        "siphash": "^1.1.0"
      },
      "engines": {
        "node": ">=14"
      }
    },
    "node_modules/siphash": {
      "version": "1.1.0",
      "resolved": "https://registry.npmjs.org/siphash/-/siphash-1.1.0.tgz",
      "integrity": "sha512-QXQOIeN7Lq1uAVfppZukylZ2tAGedZ49Xpu39Zfyb6JJqVFrP7GfbVc7kxTAyoHGi3/c0y7yIG6lmSwxapEKqA=="
    }
  },
  "dependencies": {
    "siphash": {
      "version": "1.1.0",
      "resolved": "https://registry.npmjs.org/siphash/-/siphash-1.1.0.tgz",
      "integrity": "sha512-QXQOIeN7Lq1uAVfppZukylZ2tAGedZ49Xpu39Zfyb6JJqVFrP7GfbVc7kxTAyoHGi3/c0y7yIG6lmSwxapEKqA=="
    }
  }
}
